
Microsoft Visual Studio Solution File, Format Version 12.00
# Visual Studio Version 17
VisualStudioVersion = 17.5.33414.496
MinimumVisualStudioVersion = 10.0.40219.1
Project("{FAE04EC0-301F-11D3-BF4B-00C04F79EFBC}") = "0203OL", "0203OL\0203OL.csproj", "{B8F4FE60-7382-4BC9-8133-F544E1809AC7}"
EndProject
Global
	GlobalSection(SolutionConfigurationPlatforms) = preSolution
		Debug|Any CPU = Debug|Any CPU
		Release|Any CPU = Release|Any CPU
	EndGlobalSection
	GlobalSection(ProjectConfigurationPlatforms) = postSolution
		{B8F4FE60-7382-4BC9-8133-F544E1809AC7}.Debug|Any CPU.ActiveCfg = Debug|Any CPU
		{B8F4FE60-7382-4BC9-8133-F544E1809AC7}.Debug|Any CPU.Build.0 = Debug|Any CPU
		{B8F4FE60-7382-4BC9-8133-F544E1809AC7}.Release|Any CPU.ActiveCfg = Release|Any CPU
		{B8F4FE60-7382-4BC9-8133-F544E1809AC7}.Release|Any CPU.Build.0 = Release|Any CPU
	EndGlobalSection
	GlobalSection(SolutionProperties) = preSolution
		HideSolutionNode = FALSE
	EndGlobalSection
	GlobalSection(ExtensibilityGlobals) = postSolution
		SolutionGuid = {7327622D-A456-4D4A-BF12-FFECEF570A0B}
	EndGlobalSection
EndGlobal
